# This file is automatically @generated by Cargo.
# It is not intended for manual editing.
version = 3

[[package]]
name = "autocfg"
version = "1.1.0"
source = "registry+https://github.com/rust-lang/crates.io-index"
checksum = "d468802bab17cbc0cc575e9b053f41e72aa36bfa6b7f55e3529ffa43161b97fa"

[[package]]
name = "aya-bpf"
version = "0.1.0"
source = "git+https://github.com/aya-rs/aya?branch=main#4c08b9b43f2734c776c6b3f22cf9262a0db577db"
dependencies = [
 "aya-bpf-bindings",
 "aya-bpf-cty",
 "aya-bpf-macros",
 "rustversion",
]

[[package]]
name = "aya-bpf-bindings"
version = "0.1.0"
source = "git+https://github.com/aya-rs/aya?branch=main#4c08b9b43f2734c776c6b3f22cf9262a0db577db"
dependencies = [
 "aya-bpf-cty",
]

[[package]]
name = "aya-bpf-cty"
version = "0.2.1"
source = "git+https://github.com/aya-rs/aya?branch=main#4c08b9b43f2734c776c6b3f22cf9262a0db577db"

[[package]]
name = "aya-bpf-macros"
version = "0.1.0"
source = "git+https://github.com/aya-rs/aya?branch=main#4c08b9b43f2734c776c6b3f22cf9262a0db577db"
dependencies = [
 "proc-macro2",
 "quote",
 "syn",
]

[[package]]
name = "aya-log-common"
version = "0.1.13"
source = "git+https://github.com/aya-rs/aya?branch=main#4c08b9b43f2734c776c6b3f22cf9262a0db577db"
dependencies = [
 "num_enum",
]

[[package]]
name = "aya-log-ebpf"
version = "0.1.0"
source = "git+https://github.com/aya-rs/aya?branch=main#4c08b9b43f2734c776c6b3f22cf9262a0db577db"
dependencies = [
 "aya-bpf",
 "aya-log-common",
 "aya-log-ebpf-macros",
]

[[package]]
name = "aya-log-ebpf-macros"
version = "0.1.0"
source = "git+https://github.com/aya-rs/aya?branch=main#4c08b9b43f2734c776c6b3f22cf9262a0db577db"
dependencies = [
 "aya-log-common",
 "aya-log-parser",
 "proc-macro2",
 "quote",
 "syn",
]

[[package]]
name = "aya-log-parser"
version = "0.1.11-dev.0"
source = "git+https://github.com/aya-rs/aya?branch=main#4c08b9b43f2734c776c6b3f22cf9262a0db577db"
dependencies = [
 "aya-log-common",
]

[[package]]
name = "cfg-if"
version = "1.0.0"
source = "registry+https://github.com/rust-lang/crates.io-index"
checksum = "baf1de4339761588bc0619e3cbc0120ee582ebb74b53b4efbf79117bd2da40fd"

[[package]]
name = "kunai-common"
version = "0.1.0"
dependencies = [
 "aya-bpf",
 "aya-log-ebpf",
 "cfg-if",
 "kunai-macros",
 "memoffset",
 "paste",
]

[[package]]
name = "kunai-ebpf"
version = "0.1.0"
dependencies = [
 "aya-bpf",
 "aya-log-ebpf",
 "kunai-common",
 "kunai-macros",
 "paste",
]

[[package]]
name = "kunai-macros"
version = "0.1.0"
dependencies = [
 "proc-macro2",
 "quote",
 "syn",
]

[[package]]
name = "memoffset"
version = "0.8.0"
source = "registry+https://github.com/rust-lang/crates.io-index"
checksum = "d61c719bcfbcf5d62b3a09efa6088de8c54bc0bfcd3ea7ae39fcc186108b8de1"
dependencies = [
 "autocfg",
]

[[package]]
name = "num_enum"
version = "0.6.1"
source = "registry+https://github.com/rust-lang/crates.io-index"
checksum = "7a015b430d3c108a207fd776d2e2196aaf8b1cf8cf93253e3a097ff3085076a1"
dependencies = [
 "num_enum_derive",
]

[[package]]
name = "num_enum_derive"
version = "0.6.1"
source = "registry+https://github.com/rust-lang/crates.io-index"
checksum = "96667db765a921f7b295ffee8b60472b686a51d4f21c2ee4ffdb94c7013b65a6"
dependencies = [
 "proc-macro2",
 "quote",
 "syn",
]

[[package]]
name = "paste"
version = "1.0.12"
source = "registry+https://github.com/rust-lang/crates.io-index"
checksum = "9f746c4065a8fa3fe23974dd82f15431cc8d40779821001404d10d2e79ca7d79"

[[package]]
name = "proc-macro2"
version = "1.0.54"
source = "registry+https://github.com/rust-lang/crates.io-index"
checksum = "e472a104799c74b514a57226160104aa483546de37e839ec50e3c2e41dd87534"
dependencies = [
 "unicode-ident",
]

[[package]]
name = "quote"
version = "1.0.26"
source = "registry+https://github.com/rust-lang/crates.io-index"
checksum = "4424af4bf778aae2051a77b60283332f386554255d722233d09fbfc7e30da2fc"
dependencies = [
 "proc-macro2",
]

[[package]]
name = "rustversion"
version = "1.0.11"
source = "registry+https://github.com/rust-lang/crates.io-index"
checksum = "5583e89e108996506031660fe09baa5011b9dd0341b89029313006d1fb508d70"

[[package]]
name = "syn"
version = "2.0.11"
source = "registry+https://github.com/rust-lang/crates.io-index"
checksum = "21e3787bb71465627110e7d87ed4faaa36c1f61042ee67badb9e2ef173accc40"
dependencies = [
 "proc-macro2",
 "quote",
 "unicode-ident",
]

[[package]]
name = "unicode-ident"
version = "1.0.6"
source = "registry+https://github.com/rust-lang/crates.io-index"
checksum = "84a22b9f218b40614adcb3f4ff08b703773ad44fa9423e4e0d346d5db86e4ebc"
